// !$*UTF8*$!
{
	archiveVersion = 1;
	classes = {
	};
	objectVersion = 50;
	objects = {

/* Begin PBXBuildFile section */
		82EB4FD8216E3C9800416F4C /* AppDelegate.swift in Sources */ = {isa = PBXBuildFile; fileRef = 82EB4FD7216E3C9800416F4C /* AppDelegate.swift */; };
		82EB4FDA216E3C9800416F4C /* ViewController.swift in Sources */ = {isa = PBXBuildFile; fileRef = 82EB4FD9216E3C9800416F4C /* ViewController.swift */; };
		82EB4FDD216E3C9800416F4C /* Main.storyboard in Resources */ = {isa = PBXBuildFile; fileRef = 82EB4FDB216E3C9800416F4C /* Main.storyboard */; };
		82EB4FDF216E3C9900416F4C /* Assets.xcassets in Resources */ = {isa = PBXBuildFile; fileRef = 82EB4FDE216E3C9900416F4C /* Assets.xcassets */; };
		82EB4FE2216E3C9900416F4C /* LaunchScreen.storyboard in Resources */ = {isa = PBXBuildFile; fileRef = 82EB4FE0216E3C9900416F4C /* LaunchScreen.storyboard */; };
		82EB4FED216E3C9900416F4C /* fastLaneTestTests.swift in Sources */ = {isa = PBXBuildFile; fileRef = 82EB4FEC216E3C9900416F4C /* fastLaneTestTests.swift */; };
		82EB4FF8216E3C9900416F4C /* fastLaneTestUITests.swift in Sources */ = {isa = PBXBuildFile; fileRef = 82EB4FF7216E3C9900416F4C /* fastLaneTestUITests.swift */; };
		82EB5006216E3DA500416F4C /* NewViewController.swift in Sources */ = {isa = PBXBuildFile; fileRef = 82EB5005216E3DA500416F4C /* NewViewController.swift */; };
		82EB5008216E41B500416F4C /* SnapshotHelper.swift in Sources */ = {isa = PBXBuildFile; fileRef = 82EB5007216E41B500416F4C /* SnapshotHelper.swift */; };
/* End PBXBuildFile section */

/* Begin PBXContainerItemProxy section */
		82EB4FE9216E3C9900416F4C /* PBXContainerItemProxy */ = {
			isa = PBXContainerItemProxy;
			containerPortal = 82EB4FCC216E3C9800416F4C /* Project object */;
			proxyType = 1;
			remoteGlobalIDString = 82EB4FD3216E3C9800416F4C;
			remoteInfo = fastLaneTest;
		};
		82EB4FF4216E3C9900416F4C /* PBXContainerItemProxy */ = {
			isa = PBXContainerItemProxy;
			containerPortal = 82EB4FCC216E3C9800416F4C /* Project object */;
			proxyType = 1;
			remoteGlobalIDString = 82EB4FD3216E3C9800416F4C;
			remoteInfo = fastLaneTest;
		};
/* End PBXContainerItemProxy section */

/* Begin PBXFileReference section */
		82EB4FD4216E3C9800416F4C /* fastLaneTest.app */ = {isa = PBXFileReference; explicitFileType = wrapper.application; includeInIndex = 0; path = fastLaneTest.app; sourceTree = BUILT_PRODUCTS_DIR; };
		82EB4FD7216E3C9800416F4C /* AppDelegate.swift */ = {isa = PBXFileReference; lastKnownFileType = sourcecode.swift; path = AppDelegate.swift; sourceTree = "<group>"; };
		82EB4FD9216E3C9800416F4C /* ViewController.swift */ = {isa = PBXFileReference; lastKnownFileType = sourcecode.swift; path = ViewController.swift; sourceTree = "<group>"; };
		82EB4FDC216E3C9800416F4C /* Base */ = {isa = PBXFileReference; lastKnownFileType = file.storyboard; name = Base; path = Base.lproj/Main.storyboard; sourceTree = "<group>"; };
		82EB4FDE216E3C9900416F4C /* Assets.xcassets */ = {isa = PBXFileReference; lastKnownFileType = folder.assetcatalog; path = Assets.xcassets; sourceTree = "<group>"; };
		82EB4FE1216E3C9900416F4C /* Base */ = {isa = PBXFileReference; lastKnownFileType = file.storyboard; name = Base; path = Base.lproj/LaunchScreen.storyboard; sourceTree = "<group>"; };
		82EB4FE3216E3C9900416F4C /* Info.plist */ = {isa = PBXFileReference; lastKnownFileType = text.plist.xml; path = Info.plist; sourceTree = "<group>"; };
		82EB4FE8216E3C9900416F4C /* fastLaneTestTests.xctest */ = {isa = PBXFileReference; explicitFileType = wrapper.cfbundle; includeInIndex = 0; path = fastLaneTestTests.xctest; sourceTree = BUILT_PRODUCTS_DIR; };
		82EB4FEC216E3C9900416F4C /* fastLaneTestTests.swift */ = {isa = PBXFileReference; lastKnownFileType = sourcecode.swift; path = fastLaneTestTests.swift; sourceTree = "<group>"; };
		82EB4FEE216E3C9900416F4C /* Info.plist */ = {isa = PBXFileReference; lastKnownFileType = text.plist.xml; path = Info.plist; sourceTree = "<group>"; };
		82EB4FF3216E3C9900416F4C /* fastLaneTestUITests.xctest */ = {isa = PBXFileReference; explicitFileType = wrapper.cfbundle; includeInIndex = 0; path = fastLaneTestUITests.xctest; sourceTree = BUILT_PRODUCTS_DIR; };
		82EB4FF7216E3C9900416F4C /* fastLaneTestUITests.swift */ = {isa = PBXFileReference; lastKnownFileType = sourcecode.swift; path = fastLaneTestUITests.swift; sourceTree = "<group>"; };
		82EB4FF9216E3C9900416F4C /* Info.plist */ = {isa = PBXFileReference; lastKnownFileType = text.plist.xml; path = Info.plist; sourceTree = "<group>"; };
		82EB5005216E3DA500416F4C /* NewViewController.swift */ = {isa = PBXFileReference; lastKnownFileType = sourcecode.swift; path = NewViewController.swift; sourceTree = "<group>"; };
		82EB5007216E41B500416F4C /* SnapshotHelper.swift */ = {isa = PBXFileReference; fileEncoding = 4; lastKnownFileType = sourcecode.swift; name = SnapshotHelper.swift; path = fastlane/SnapshotHelper.swift; sourceTree = SOURCE_ROOT; };
/* End PBXFileReference section */

/* Begin PBXFrameworksBuildPhase section */
		82EB4FD1216E3C9800416F4C /* Frameworks */ = {
			isa = PBXFrameworksBuildPhase;
			buildActionMask = 2147483647;
			files = (
			);
			runOnlyForDeploymentPostprocessing = 0;
		};
		82EB4FE5216E3C9900416F4C /* Frameworks */ = {
			isa = PBXFrameworksBuildPhase;
			buildActionMask = 2147483647;
			files = (
			);
			runOnlyForDeploymentPostprocessing = 0;
		};
		82EB4FF0216E3C9900416F4C /* Frameworks */ = {
			isa = PBXFrameworksBuildPhase;
			buildActionMask = 2147483647;
			files = (
			);
			runOnlyForDeploymentPostprocessing = 0;
		};
/* End PBXFrameworksBuildPhase section */

/* Begin PBXGroup section */
		82EB4FCB216E3C9800416F4C = {
			isa = PBXGroup;
			children = (
				82EB4FD6216E3C9800416F4C /* fastLaneTest */,
				82EB4FEB216E3C9900416F4C /* fastLaneTestTests */,
				82EB4FF6216E3C9900416F4C /* fastLaneTestUITests */,
				82EB4FD5216E3C9800416F4C /* Products */,
			);
			sourceTree = "<group>";
		};
		82EB4FD5216E3C9800416F4C /* Products */ = {
			isa = PBXGroup;
			children = (
				82EB4FD4216E3C9800416F4C /* fastLaneTest.app */,
				82EB4FE8216E3C9900416F4C /* fastLaneTestTests.xctest */,
				82EB4FF3216E3C9900416F4C /* fastLaneTestUITests.xctest */,
			);
			name = Products;
			sourceTree = "<group>";
		};
		82EB4FD6216E3C9800416F4C /* fastLaneTest */ = {
			isa = PBXGroup;
			children = (
				82EB4FD7216E3C9800416F4C /* AppDelegate.swift */,
				82EB4FD9216E3C9800416F4C /* ViewController.swift */,
				82EB5005216E3DA500416F4C /* NewViewController.swift */,
				82EB4FDB216E3C9800416F4C /* Main.storyboard */,
				82EB4FDE216E3C9900416F4C /* Assets.xcassets */,
				82EB4FE0216E3C9900416F4C /* LaunchScreen.storyboard */,
				82EB4FE3216E3C9900416F4C /* Info.plist */,
			);
			path = fastLaneTest;
			sourceTree = "<group>";
		};
		82EB4FEB216E3C9900416F4C /* fastLaneTestTests */ = {
			isa = PBXGroup;
			children = (
				82EB4FEC216E3C9900416F4C /* fastLaneTestTests.swift */,
				82EB4FEE216E3C9900416F4C /* Info.plist */,
			);
			path = fastLaneTestTests;
			sourceTree = "<group>";
		};
		82EB4FF6216E3C9900416F4C /* fastLaneTestUITests */ = {
			isa = PBXGroup;
			children = (
				82EB5007216E41B500416F4C /* SnapshotHelper.swift */,
				82EB4FF7216E3C9900416F4C /* fastLaneTestUITests.swift */,
				82EB4FF9216E3C9900416F4C /* Info.plist */,
			);
			path = fastLaneTestUITests;
			sourceTree = "<group>";
		};
/* End PBXGroup section */

/* Begin PBXNativeTarget section */
		82EB4FD3216E3C9800416F4C /* fastLaneTest */ = {
			isa = PBXNativeTarget;
			buildConfigurationList = 82EB4FFC216E3C9900416F4C /* Build configuration list for PBXNativeTarget "fastLaneTest" */;
			buildPhases = (
				82EB4FD0216E3C9800416F4C /* Sources */,
				82EB4FD1216E3C9800416F4C /* Frameworks */,
				82EB4FD2216E3C9800416F4C /* Resources */,
			);
			buildRules = (
			);
			dependencies = (
			);
			name = fastLaneTest;
			productName = fastLaneTest;
			productReference = 82EB4FD4216E3C9800416F4C /* fastLaneTest.app */;
			productType = "com.apple.product-type.application";
		};
		82EB4FE7216E3C9900416F4C /* fastLaneTestTests */ = {
			isa = PBXNativeTarget;
			buildConfigurationList = 82EB4FFF216E3C9900416F4C /* Build configuration list for PBXNativeTarget "fastLaneTestTests" */;
			buildPhases = (
				82EB4FE4216E3C9900416F4C /* Sources */,
				82EB4FE5216E3C9900416F4C /* Frameworks */,
				82EB4FE6216E3C9900416F4C /* Resources */,
			);
			buildRules = (
			);
			dependencies = (
				82EB4FEA216E3C9900416F4C /* PBXTargetDependency */,
			);
			name = fastLaneTestTests;
			productName = fastLaneTestTests;
			productReference = 82EB4FE8216E3C9900416F4C /* fastLaneTestTests.xctest */;
			productType = "com.apple.product-type.bundle.unit-test";
		};
		82EB4FF2216E3C9900416F4C /* fastLaneTestUITests */ = {
			isa = PBXNativeTarget;
			buildConfigurationList = 82EB5002216E3C9900416F4C /* Build configuration list for PBXNativeTarget "fastLaneTestUITests" */;
			buildPhases = (
				82EB4FEF216E3C9900416F4C /* Sources */,
				82EB4FF0216E3C9900416F4C /* Frameworks */,
				82EB4FF1216E3C9900416F4C /* Resources */,
			);
			buildRules = (
			);
			dependencies = (
				82EB4FF5216E3C9900416F4C /* PBXTargetDependency */,
			);
			name = fastLaneTestUITests;
			productName = fastLaneTestUITests;
			productReference = 82EB4FF3216E3C9900416F4C /* fastLaneTestUITests.xctest */;
			productType = "com.apple.product-type.bundle.ui-testing";
		};
/* End PBXNativeTarget section */

/* Begin PBXProject section */
		82EB4FCC216E3C9800416F4C /* Project object */ = {
			isa = PBXProject;
			attributes = {
				LastSwiftUpdateCheck = 1000;
				LastUpgradeCheck = 1000;
				ORGANIZATIONNAME = "Vahid Sheikhalizadeh";
				TargetAttributes = {
					82EB4FD3216E3C9800416F4C = {
						CreatedOnToolsVersion = 10.0;
					};
					82EB4FE7216E3C9900416F4C = {
						CreatedOnToolsVersion = 10.0;
						TestTargetID = 82EB4FD3216E3C9800416F4C;
					};
					82EB4FF2216E3C9900416F4C = {
						CreatedOnToolsVersion = 10.0;
						TestTargetID = 82EB4FD3216E3C9800416F4C;
					};
				};
			};
			buildConfigurationList = 82EB4FCF216E3C9800416F4C /* Build configuration list for PBXProject "fastLaneTest" */;
			compatibilityVersion = "Xcode 9.3";
			developmentRegion = en;
			hasScannedForEncodings = 0;
			knownRegions = (
				en,
				Base,
			);
			mainGroup = 82EB4FCB216E3C9800416F4C;
			productRefGroup = 82EB4FD5216E3C9800416F4C /* Products */;
			projectDirPath = "";
			projectRoot = "";
			targets = (
				82EB4FD3216E3C9800416F4C /* fastLaneTest */,
				82EB4FE7216E3C9900416F4C /* fastLaneTestTests */,
				82EB4FF2216E3C9900416F4C /* fastLaneTestUITests */,
			);
		};
/* End PBXProject section */

/* Begin PBXResourcesBuildPhase section */
		82EB4FD2216E3C9800416F4C /* Resources */ = {
			isa = PBXResourcesBuildPhase;
			buildActionMask = 2147483647;
			files = (
				82EB4FE2216E3C9900416F4C /* LaunchScreen.storyboard in Resources */,
				82EB4FDF216E3C9900416F4C /* Assets.xcassets in Resources */,
				82EB4FDD216E3C9800416F4C /* Main.storyboard in Resources */,
			);
			runOnlyForDeploymentPostprocessing = 0;
		};
		82EB4FE6216E3C9900416F4C /* Resources */ = {
			isa = PBXResourcesBuildPhase;
			buildActionMask = 2147483647;
			files = (
			);
			runOnlyForDeploymentPostprocessing = 0;
		};
		82EB4FF1216E3C9900416F4C /* Resources */ = {
			isa = PBXResourcesBuildPhase;
			buildActionMask = 2147483647;
			files = (
			);
			runOnlyForDeploymentPostprocessing = 0;
		};
/* End PBXResourcesBuildPhase section */

/* Begin PBXSourcesBuildPhase section */
		82EB4FD0216E3C9800416F4C /* Sources */ = {
			isa = PBXSourcesBuildPhase;
			buildActionMask = 2147483647;
			files = (
				82EB5006216E3DA500416F4C /* NewViewController.swift in Sources */,
				82EB4FDA216E3C9800416F4C /* ViewController.swift in Sources */,
				82EB4FD8216E3C9800416F4C /* AppDelegate.swift in Sources */,
			);
			runOnlyForDeploymentPostprocessing = 0;
		};
		82EB4FE4216E3C9900416F4C /* Sources */ = {
			isa = PBXSourcesBuildPhase;
			buildActionMask = 2147483647;
			files = (
				82EB4FED216E3C9900416F4C /* fastLaneTestTests.swift in Sources */,
			);
			runOnlyForDeploymentPostprocessing = 0;
		};
		82EB4FEF216E3C9900416F4C /* Sources */ = {
			isa = PBXSourcesBuildPhase;
			buildActionMask = 2147483647;
			files = (
				82EB4FF8216E3C9900416F4C /* fastLaneTestUITests.swift in Sources */,
				82EB5008216E41B500416F4C /* SnapshotHelper.swift in Sources */,
			);
			runOnlyForDeploymentPostprocessing = 0;
		};
/* End PBXSourcesBuildPhase section */

/* Begin PBXTargetDependency section */
		82EB4FEA216E3C9900416F4C /* PBXTargetDependency */ = {
			isa = PBXTargetDependency;
			target = 82EB4FD3216E3C9800416F4C /* fastLaneTest */;
			targetProxy = 82EB4FE9216E3C9900416F4C /* PBXContainerItemProxy */;
		};
		82EB4FF5216E3C9900416F4C /* PBXTargetDependency */ = {
			isa = PBXTargetDependency;
			target = 82EB4FD3216E3C9800416F4C /* fastLaneTest */;
			targetProxy = 82EB4FF4216E3C9900416F4C /* PBXContainerItemProxy */;
		};
/* End PBXTargetDependency section */

/* Begin PBXVariantGroup section */
		82EB4FDB216E3C9800416F4C /* Main.storyboard */ = {
			isa = PBXVariantGroup;
			children = (
				82EB4FDC216E3C9800416F4C /* Base */,
			);
			name = Main.storyboard;
			sourceTree = "<group>";
		};
		82EB4FE0216E3C9900416F4C /* LaunchScreen.storyboard */ = {
			isa = PBXVariantGroup;
			children = (
				82EB4FE1216E3C9900416F4C /* Base */,
			);
			name = LaunchScreen.storyboard;
			sourceTree = "<group>";
		};
/* End PBXVariantGroup section */

/* Begin XCBuildConfiguration section */
		82EB4FFA216E3C9900416F4C /* Debug */ = {
			isa = XCBuildConfiguration;
			buildSettings = {
				ALWAYS_SEARCH_USER_PATHS = NO;
				CLANG_ANALYZER_NONNULL = YES;
				CLANG_ANALYZER_NUMBER_OBJECT_CONVERSION = YES_AGGRESSIVE;
				CLANG_CXX_LANGUAGE_STANDARD = "gnu++14";
				CLANG_CXX_LIBRARY = "libc++";
				CLANG_ENABLE_MODULES = YES;
				CLANG_ENABLE_OBJC_ARC = YES;
				CLANG_ENABLE_OBJC_WEAK = YES;
				CLANG_WARN_BLOCK_CAPTURE_AUTORELEASING = YES;
				CLANG_WARN_BOOL_CONVERSION = YES;
				CLANG_WARN_COMMA = YES;
				CLANG_WARN_CONSTANT_CONVERSION = YES;
				CLANG_WARN_DEPRECATED_OBJC_IMPLEMENTATIONS = YES;
				CLANG_WARN_DIRECT_OBJC_ISA_USAGE = YES_ERROR;
				CLANG_WARN_DOCUMENTATION_COMMENTS = YES;
				CLANG_WARN_EMPTY_BODY = YES;
				CLANG_WARN_ENUM_CONVERSION = YES;
				CLANG_WARN_INFINITE_RECURSION = YES;
				CLANG_WARN_INT_CONVERSION = YES;
				CLANG_WARN_NON_LITERAL_NULL_CONVERSION = YES;
				CLANG_WARN_OBJC_IMPLICIT_RETAIN_SELF = YES;
				CLANG_WARN_OBJC_LITERAL_CONVERSION = YES;
				CLANG_WARN_OBJC_ROOT_CLASS = YES_ERROR;
				CLANG_WARN_RANGE_LOOP_ANALYSIS = YES;
				CLANG_WARN_STRICT_PROTOTYPES = YES;
				CLANG_WARN_SUSPICIOUS_MOVE = YES;
				CLANG_WARN_UNGUARDED_AVAILABILITY = YES_AGGRESSIVE;
				CLANG_WARN_UNREACHABLE_CODE = YES;
				CLANG_WARN__DUPLICATE_METHOD_MATCH = YES;
				CODE_SIGN_IDENTITY = "iPhone Developer";
				COPY_PHASE_STRIP = NO;
				CURRENT_PROJECT_VERSION = 5;
				DEBUG_INFORMATION_FORMAT = dwarf;
				ENABLE_STRICT_OBJC_MSGSEND = YES;
				ENABLE_TESTABILITY = YES;
				GCC_C_LANGUAGE_STANDARD = gnu11;
				GCC_DYNAMIC_NO_PIC = NO;
				GCC_NO_COMMON_BLOCKS = YES;
				GCC_OPTIMIZATION_LEVEL = 0;
				GCC_PREPROCESSOR_DEFINITIONS = (
					"DEBUG=1",
					"$(inherited)",
				);
				GCC_WARN_64_TO_32_BIT_CONVERSION = YES;
				GCC_WARN_ABOUT_RETURN_TYPE = YES_ERROR;
				GCC_WARN_UNDECLARED_SELECTOR = YES;
				GCC_WARN_UNINITIALIZED_AUTOS = YES_AGGRESSIVE;
				GCC_WARN_UNUSED_FUNCTION = YES;
				GCC_WARN_UNUSED_VARIABLE = YES;
				IPHONEOS_DEPLOYMENT_TARGET = 12.0;
				MTL_ENABLE_DEBUG_INFO = INCLUDE_SOURCE;
				MTL_FAST_MATH = YES;
				ONLY_ACTIVE_ARCH = YES;
				SDKROOT = iphoneos;
				SWIFT_ACTIVE_COMPILATION_CONDITIONS = DEBUG;
				SWIFT_OPTIMIZATION_LEVEL = "-Onone";
				VERSIONING_SYSTEM = "apple-generic";
			};
			name = Debug;
		};
		82EB4FFB216E3C9900416F4C /* Release */ = {
			isa = XCBuildConfiguration;
			buildSettings = {
				ALWAYS_SEARCH_USER_PATHS = NO;
				CLANG_ANALYZER_NONNULL = YES;
				CLANG_ANALYZER_NUMBER_OBJECT_CONVERSION = YES_AGGRESSIVE;
				CLANG_CXX_LANGUAGE_STANDARD = "gnu++14";
				CLANG_CXX_LIBRARY = "libc++";
				CLANG_ENABLE_MODULES = YES;
				CLANG_ENABLE_OBJC_ARC = YES;
				CLANG_ENABLE_OBJC_WEAK = YES;
				CLANG_WARN_BLOCK_CAPTURE_AUTORELEASING = YES;
				CLANG_WARN_BOOL_CONVERSION = YES;
				CLANG_WARN_COMMA = YES;
				CLANG_WARN_CONSTANT_CONVERSION = YES;
				CLANG_WARN_DEPRECATED_OBJC_IMPLEMENTATIONS = YES;
				CLANG_WARN_DIRECT_OBJC_ISA_USAGE = YES_ERROR;
				CLANG_WARN_DOCUMENTATION_COMMENTS = YES;
				CLANG_WARN_EMPTY_BODY = YES;
				CLANG_WARN_ENUM_CONVERSION = YES;
				CLANG_WARN_INFINITE_RECURSION = YES;
				CLANG_WARN_INT_CONVERSION = YES;
				CLANG_WARN_NON_LITERAL_NULL_CONVERSION = YES;
				CLANG_WARN_OBJC_IMPLICIT_RETAIN_SELF = YES;
				CLANG_WARN_OBJC_LITERAL_CONVERSION = YES;
				CLANG_WARN_OBJC_ROOT_CLASS = YES_ERROR;
				CLANG_WARN_RANGE_LOOP_ANALYSIS = YES;
				CLANG_WARN_STRICT_PROTOTYPES = YES;
				CLANG_WARN_SUSPICIOUS_MOVE = YES;
				CLANG_WARN_UNGUARDED_AVAILABILITY = YES_AGGRESSIVE;
				CLANG_WARN_UNREACHABLE_CODE = YES;
				CLANG_WARN__DUPLICATE_METHOD_MATCH = YES;
				CODE_SIGN_IDENTITY = "iPhone Developer";
				COPY_PHASE_STRIP = NO;
				CURRENT_PROJECT_VERSION = 5;
				DEBUG_INFORMATION_FORMAT = "dwarf-with-dsym";
				ENABLE_NS_ASSERTIONS = NO;
				ENABLE_STRICT_OBJC_MSGSEND = YES;
				GCC_C_LANGUAGE_STANDARD = gnu11;
				GCC_NO_COMMON_BLOCKS = YES;
				GCC_WARN_64_TO_32_BIT_CONVERSION = YES;
				GCC_WARN_ABOUT_RETURN_TYPE = YES_ERROR;
				GCC_WARN_UNDECLARED_SELECTOR = YES;
				GCC_WARN_UNINITIALIZED_AUTOS = YES_AGGRESSIVE;
				GCC_WARN_UNUSED_FUNCTION = YES;
				GCC_WARN_UNUSED_VARIABLE = YES;
				IPHONEOS_DEPLOYMENT_TARGET = 12.0;
				MTL_ENABLE_DEBUG_INFO = NO;
				MTL_FAST_MATH = YES;
				SDKROOT = iphoneos;
				SWIFT_COMPILATION_MODE = wholemodule;
				SWIFT_OPTIMIZATION_LEVEL = "-O";
				VALIDATE_PRODUCT = YES;
				VERSIONING_SYSTEM = "apple-generic";
			};
			name = Release;
		};
		82EB4FFD216E3C9900416F4C /* Debug */ = {
			isa = XCBuildConfiguration;
			buildSettings = {
				ASSETCATALOG_COMPILER_APPICON_NAME = AppIcon;
				CODE_SIGN_IDENTITY = "iPhone Developer";
				CODE_SIGN_STYLE = Automatic;
				DEVELOPMENT_TEAM = CPB4RD86S6;
				INFOPLIST_FILE = fastLaneTest/Info.plist;
				LD_RUNPATH_SEARCH_PATHS = (
					"$(inherited)",
					"@executable_path/Frameworks",
				);
				PRODUCT_BUNDLE_IDENTIFIER = com.magna.learning.fastLaneTest;
				PRODUCT_NAME = "$(TARGET_NAME)";
				PROVISIONING_PROFILE_SPECIFIER = "";
				SWIFT_VERSION = 4.2;
				TARGETED_DEVICE_FAMILY = "1,2";
			};
			name = Debug;
		};
		82EB4FFE216E3C9900416F4C /* Release */ = {
			isa = XCBuildConfiguration;
			buildSettings = {
				ASSETCATALOG_COMPILER_APPICON_NAME = AppIcon;
				CODE_SIGN_IDENTITY = "iPhone Developer";
				CODE_SIGN_STYLE = Automatic;
				DEVELOPMENT_TEAM = CPB4RD86S6;
				INFOPLIST_FILE = fastLaneTest/Info.plist;
				LD_RUNPATH_SEARCH_PATHS = (
					"$(inherited)",
					"@executable_path/Frameworks",
				);
				PRODUCT_BUNDLE_IDENTIFIER = com.magna.learning.fastLaneTest;
				PRODUCT_NAME = "$(TARGET_NAME)";
				PROVISIONING_PROFILE_SPECIFIER = "";
				SWIFT_VERSION = 4.2;
				TARGETED_DEVICE_FAMILY = "1,2";
			};
			name = Release;
		};
		82EB5000216E3C9900416F4C /* Debug */ = {
			isa = XCBuildConfiguration;
			buildSettings = {
				ALWAYS_EMBED_SWIFT_STANDARD_LIBRARIES = YES;
				BUNDLE_LOADER = "$(TEST_HOST)";
				CODE_SIGN_STYLE = Automatic;
				DEVELOPMENT_TEAM = CPB4RD86S6;
				INFOPLIST_FILE = fastLaneTestTests/Info.plist;
				LD_RUNPATH_SEARCH_PATHS = (
					"$(inherited)",
					"@executable_path/Frameworks",
					"@loader_path/Frameworks",
				);
				PRODUCT_BUNDLE_IDENTIFIER = com.magna.learning.fastLaneTestTests;
				PRODUCT_NAME = "$(TARGET_NAME)";
				SWIFT_VERSION = 4.2;
				TARGETED_DEVICE_FAMILY = "1,2";
				TEST_HOST = "$(BUILT_PRODUCTS_DIR)/fastLaneTest.app/fastLaneTest";
			};
			name = Debug;
		};
		82EB5001216E3C9900416F4C /* Release */ = {
			isa = XCBuildConfiguration;
			buildSettings = {
				ALWAYS_EMBED_SWIFT_STANDARD_LIBRARIES = YES;
				BUNDLE_LOADER = "$(TEST_HOST)";
				CODE_SIGN_STYLE = Automatic;
				DEVELOPMENT_TEAM = CPB4RD86S6;
				INFOPLIST_FILE = fastLaneTestTests/Info.plist;
				LD_RUNPATH_SEARCH_PATHS = (
					"$(inherited)",
					"@executable_path/Frameworks",
					"@loader_path/Frameworks",
				);
				PRODUCT_BUNDLE_IDENTIFIER = com.magna.learning.fastLaneTestTests;
				PRODUCT_NAME = "$(TARGET_NAME)";
				SWIFT_VERSION = 4.2;
				TARGETED_DEVICE_FAMILY = "1,2";
				TEST_HOST = "$(BUILT_PRODUCTS_DIR)/fastLaneTest.app/fastLaneTest";
			};
			name = Release;
		};
		82EB5003216E3C9900416F4C /* Debug */ = {
			isa = XCBuildConfiguration;
			buildSettings = {
				ALWAYS_EMBED_SWIFT_STANDARD_LIBRARIES = YES;
				CODE_SIGN_STYLE = Automatic;
				DEVELOPMENT_TEAM = CPB4RD86S6;
				INFOPLIST_FILE = fastLaneTestUITests/Info.plist;
				LD_RUNPATH_SEARCH_PATHS = (
					"$(inherited)",
					"@executable_path/Frameworks",
					"@loader_path/Frameworks",
				);
				PRODUCT_BUNDLE_IDENTIFIER = com.magna.learning.fastLaneTestUITests;
				PRODUCT_NAME = "$(TARGET_NAME)";
				SWIFT_VERSION = 4.2;
				TARGETED_DEVICE_FAMILY = "1,2";
				TEST_TARGET_NAME = fastLaneTest;
			};
			name = Debug;
		};
		82EB5004216E3C9900416F4C /* Release */ = {
			isa = XCBuildConfiguration;
			buildSettings = {
				ALWAYS_EMBED_SWIFT_STANDARD_LIBRARIES = YES;
				CODE_SIGN_STYLE = Automatic;
				DEVELOPMENT_TEAM = CPB4RD86S6;
				INFOPLIST_FILE = fastLaneTestUITests/Info.plist;
				LD_RUNPATH_SEARCH_PATHS = (
					"$(inherited)",
					"@executable_path/Frameworks",
					"@loader_path/Frameworks",
				);
				PRODUCT_BUNDLE_IDENTIFIER = com.magna.learning.fastLaneTestUITests;
				PRODUCT_NAME = "$(TARGET_NAME)";
				SWIFT_VERSION = 4.2;
				TARGETED_DEVICE_FAMILY = "1,2";
				TEST_TARGET_NAME = fastLaneTest;
			};
			name = Release;
		};
/* End XCBuildConfiguration section */

/* Begin XCConfigurationList section */
		82EB4FCF216E3C9800416F4C /* Build configuration list for PBXProject "fastLaneTest" */ = {
			isa = XCConfigurationList;
			buildConfigurations = (
				82EB4FFA216E3C9900416F4C /* Debug */,
				82EB4FFB216E3C9900416F4C /* Release */,
			);
			defaultConfigurationIsVisible = 0;
			defaultConfigurationName = Release;
		};
		82EB4FFC216E3C9900416F4C /* Build configuration list for PBXNativeTarget "fastLaneTest" */ = {
			isa = XCConfigurationList;
			buildConfigurations = (
				82EB4FFD216E3C9900416F4C /* Debug */,
				82EB4FFE216E3C9900416F4C /* Release */,
			);
			defaultConfigurationIsVisible = 0;
			defaultConfigurationName = Release;
		};
		82EB4FFF216E3C9900416F4C /* Build configuration list for PBXNativeTarget "fastLaneTestTests" */ = {
			isa = XCConfigurationList;
			buildConfigurations = (
				82EB5000216E3C9900416F4C /* Debug */,
				82EB5001216E3C9900416F4C /* Release */,
			);
			defaultConfigurationIsVisible = 0;
			defaultConfigurationName = Release;
		};
		82EB5002216E3C9900416F4C /* Build configuration list for PBXNativeTarget "fastLaneTestUITests" */ = {
			isa = XCConfigurationList;
			buildConfigurations = (
				82EB5003216E3C9900416F4C /* Debug */,
				82EB5004216E3C9900416F4C /* Release */,
			);
			defaultConfigurationIsVisible = 0;
			defaultConfigurationName = Release;
		};
/* End XCConfigurationList section */
	};
	rootObject = 82EB4FCC216E3C9800416F4C /* Project object */;
}
